
Microsoft Visual Studio Solution File, Format Version 12.00
# Visual Studio Version 17
VisualStudioVersion = 17.8.34330.188
MinimumVisualStudioVersion = 10.0.40219.1
Project("{9A19103F-16F7-4668-BE54-9A1E7A4F7556}") = "Company.Api", "Backend\Company.Api\Company.Api.csproj", "{79859C39-6926-4F2C-9A9E-BF9614A31F36}"
EndProject
Project("{9A19103F-16F7-4668-BE54-9A1E7A4F7556}") = "Company.Data", "Backend\Company.Data\Company.Data.csproj", "{A8DAEB47-F361-474F-8E33-17B5039860AF}"
EndProject
Project("{9A19103F-16F7-4668-BE54-9A1E7A4F7556}") = "Company.Core", "Backend\Company.Core\Company.Core.csproj", "{DB110206-7514-493E-90AC-FE2C7AFA7485}"
EndProject
Project("{E53339B2-1760-4266-BCC7-CA923CBCF16C}") = "docker-compose", "docker-compose.dcproj", "{E876BA27-69B3-432A-A680-BD10605A6304}"
EndProject
Global
	GlobalSection(SolutionConfigurationPlatforms) = preSolution
		Debug|Any CPU = Debug|Any CPU
		Release|Any CPU = Release|Any CPU
	EndGlobalSection
	GlobalSection(ProjectConfigurationPlatforms) = postSolution
		{79859C39-6926-4F2C-9A9E-BF9614A31F36}.Debug|Any CPU.ActiveCfg = Debug|Any CPU
		{79859C39-6926-4F2C-9A9E-BF9614A31F36}.Debug|Any CPU.Build.0 = Debug|Any CPU
		{79859C39-6926-4F2C-9A9E-BF9614A31F36}.Release|Any CPU.ActiveCfg = Release|Any CPU
		{79859C39-6926-4F2C-9A9E-BF9614A31F36}.Release|Any CPU.Build.0 = Release|Any CPU
		{A8DAEB47-F361-474F-8E33-17B5039860AF}.Debug|Any CPU.ActiveCfg = Debug|Any CPU
		{A8DAEB47-F361-474F-8E33-17B5039860AF}.Debug|Any CPU.Build.0 = Debug|Any CPU
		{A8DAEB47-F361-474F-8E33-17B5039860AF}.Release|Any CPU.ActiveCfg = Release|Any CPU
		{A8DAEB47-F361-474F-8E33-17B5039860AF}.Release|Any CPU.Build.0 = Release|Any CPU
		{DB110206-7514-493E-90AC-FE2C7AFA7485}.Debug|Any CPU.ActiveCfg = Debug|Any CPU
		{DB110206-7514-493E-90AC-FE2C7AFA7485}.Debug|Any CPU.Build.0 = Debug|Any CPU
		{DB110206-7514-493E-90AC-FE2C7AFA7485}.Release|Any CPU.ActiveCfg = Release|Any CPU
		{DB110206-7514-493E-90AC-FE2C7AFA7485}.Release|Any CPU.Build.0 = Release|Any CPU
		{E876BA27-69B3-432A-A680-BD10605A6304}.Debug|Any CPU.ActiveCfg = Debug|Any CPU
		{E876BA27-69B3-432A-A680-BD10605A6304}.Debug|Any CPU.Build.0 = Debug|Any CPU
		{E876BA27-69B3-432A-A680-BD10605A6304}.Release|Any CPU.ActiveCfg = Release|Any CPU
		{E876BA27-69B3-432A-A680-BD10605A6304}.Release|Any CPU.Build.0 = Release|Any CPU
	EndGlobalSection
	GlobalSection(SolutionProperties) = preSolution
		HideSolutionNode = FALSE
	EndGlobalSection
	GlobalSection(ExtensibilityGlobals) = postSolution
		SolutionGuid = {7494D2B3-F642-45FC-ABAB-9B01A56DB1A8}
	EndGlobalSection
EndGlobal
